// !$*UTF8*$!
{
	archiveVersion = 1;
	classes = {
	};
	objectVersion = 50;
	objects = {

/* Begin PBXBuildFile section */
		5213EB91268ACDF000B15663 /* AppDelegate.swift in Sources */ = {isa = PBXBuildFile; fileRef = 5213EB90268ACDF000B15663 /* AppDelegate.swift */; };
		5213EB93268ACDF000B15663 /* SceneDelegate.swift in Sources */ = {isa = PBXBuildFile; fileRef = 5213EB92268ACDF000B15663 /* SceneDelegate.swift */; };
		5213EB98268ACDF000B15663 /* Main.storyboard in Resources */ = {isa = PBXBuildFile; fileRef = 5213EB96268ACDF000B15663 /* Main.storyboard */; };
		5213EB9A268ACDF900B15663 /* Assets.xcassets in Resources */ = {isa = PBXBuildFile; fileRef = 5213EB99268ACDF900B15663 /* Assets.xcassets */; };
		5213EB9D268ACDF900B15663 /* LaunchScreen.storyboard in Resources */ = {isa = PBXBuildFile; fileRef = 5213EB9B268ACDF900B15663 /* LaunchScreen.storyboard */; };
		5213EBA6268ACE5400B15663 /* TiktaktoeVC.swift in Sources */ = {isa = PBXBuildFile; fileRef = 5213EBA5268ACE5400B15663 /* TiktaktoeVC.swift */; };
		5213EBAA268AD05A00B15663 /* extension.swift in Sources */ = {isa = PBXBuildFile; fileRef = 5213EBA9268AD05A00B15663 /* extension.swift */; };
		5213EBAD268AD29800B15663 /* TicTakToeCollViewCell.swift in Sources */ = {isa = PBXBuildFile; fileRef = 5213EBAC268AD29800B15663 /* TicTakToeCollViewCell.swift */; };
/* End PBXBuildFile section */

/* Begin PBXFileReference section */
		5213EB8D268ACDF000B15663 /* Tiktactoe.app */ = {isa = PBXFileReference; explicitFileType = wrapper.application; includeInIndex = 0; path = Tiktactoe.app; sourceTree = BUILT_PRODUCTS_DIR; };
		5213EB90268ACDF000B15663 /* AppDelegate.swift */ = {isa = PBXFileReference; lastKnownFileType = sourcecode.swift; path = AppDelegate.swift; sourceTree = "<group>"; };
		5213EB92268ACDF000B15663 /* SceneDelegate.swift */ = {isa = PBXFileReference; lastKnownFileType = sourcecode.swift; path = SceneDelegate.swift; sourceTree = "<group>"; };
		5213EB97268ACDF000B15663 /* Base */ = {isa = PBXFileReference; lastKnownFileType = file.storyboard; name = Base; path = Base.lproj/Main.storyboard; sourceTree = "<group>"; };
		5213EB99268ACDF900B15663 /* Assets.xcassets */ = {isa = PBXFileReference; lastKnownFileType = folder.assetcatalog; path = Assets.xcassets; sourceTree = "<group>"; };
		5213EB9C268ACDF900B15663 /* Base */ = {isa = PBXFileReference; lastKnownFileType = file.storyboard; name = Base; path = Base.lproj/LaunchScreen.storyboard; sourceTree = "<group>"; };
		5213EB9E268ACDF900B15663 /* Info.plist */ = {isa = PBXFileReference; lastKnownFileType = text.plist.xml; path = Info.plist; sourceTree = "<group>"; };
		5213EBA5268ACE5400B15663 /* TiktaktoeVC.swift */ = {isa = PBXFileReference; lastKnownFileType = sourcecode.swift; path = TiktaktoeVC.swift; sourceTree = "<group>"; };
		5213EBA9268AD05A00B15663 /* extension.swift */ = {isa = PBXFileReference; lastKnownFileType = sourcecode.swift; path = extension.swift; sourceTree = "<group>"; };
		5213EBAC268AD29800B15663 /* TicTakToeCollViewCell.swift */ = {isa = PBXFileReference; lastKnownFileType = sourcecode.swift; path = TicTakToeCollViewCell.swift; sourceTree = "<group>"; };
/* End PBXFileReference section */

/* Begin PBXFrameworksBuildPhase section */
		5213EB8A268ACDF000B15663 /* Frameworks */ = {
			isa = PBXFrameworksBuildPhase;
			buildActionMask = 2147483647;
			files = (
			);
			runOnlyForDeploymentPostprocessing = 0;
		};
/* End PBXFrameworksBuildPhase section */

/* Begin PBXGroup section */
		5213EB84268ACDF000B15663 = {
			isa = PBXGroup;
			children = (
				5213EB8F268ACDF000B15663 /* Tiktactoe */,
				5213EB8E268ACDF000B15663 /* Products */,
			);
			sourceTree = "<group>";
		};
		5213EB8E268ACDF000B15663 /* Products */ = {
			isa = PBXGroup;
			children = (
				5213EB8D268ACDF000B15663 /* Tiktactoe.app */,
			);
			name = Products;
			sourceTree = "<group>";
		};
		5213EB8F268ACDF000B15663 /* Tiktactoe */ = {
			isa = PBXGroup;
			children = (
				5213EB90268ACDF000B15663 /* AppDelegate.swift */,
				5213EB92268ACDF000B15663 /* SceneDelegate.swift */,
				5213EBA5268ACE5400B15663 /* TiktaktoeVC.swift */,
				5213EBAC268AD29800B15663 /* TicTakToeCollViewCell.swift */,
				5213EBA9268AD05A00B15663 /* extension.swift */,
				5213EB96268ACDF000B15663 /* Main.storyboard */,
				5213EB99268ACDF900B15663 /* Assets.xcassets */,
				5213EB9B268ACDF900B15663 /* LaunchScreen.storyboard */,
				5213EB9E268ACDF900B15663 /* Info.plist */,
			);
			path = Tiktactoe;
			sourceTree = "<group>";
		};
/* End PBXGroup section */

/* Begin PBXNativeTarget section */
		5213EB8C268ACDF000B15663 /* Tiktactoe */ = {
			isa = PBXNativeTarget;
			buildConfigurationList = 5213EBA1268ACDF900B15663 /* Build configuration list for PBXNativeTarget "Tiktactoe" */;
			buildPhases = (
				5213EB89268ACDF000B15663 /* Sources */,
				5213EB8A268ACDF000B15663 /* Frameworks */,
				5213EB8B268ACDF000B15663 /* Resources */,
			);
			buildRules = (
			);
			dependencies = (
			);
			name = Tiktactoe;
			productName = Tiktactoe;
			productReference = 5213EB8D268ACDF000B15663 /* Tiktactoe.app */;
			productType = "com.apple.product-type.application";
		};
/* End PBXNativeTarget section */

/* Begin PBXProject section */
		5213EB85268ACDF000B15663 /* Project object */ = {
			isa = PBXProject;
			attributes = {
				LastSwiftUpdateCheck = 1240;
				LastUpgradeCheck = 1240;
				TargetAttributes = {
					5213EB8C268ACDF000B15663 = {
						CreatedOnToolsVersion = 12.4;
					};
				};
			};
			buildConfigurationList = 5213EB88268ACDF000B15663 /* Build configuration list for PBXProject "Tiktactoe" */;
			compatibilityVersion = "Xcode 9.3";
			developmentRegion = en;
			hasScannedForEncodings = 0;
			knownRegions = (
				en,
				Base,
			);
			mainGroup = 5213EB84268ACDF000B15663;
			productRefGroup = 5213EB8E268ACDF000B15663 /* Products */;
			projectDirPath = "";
			projectRoot = "";
			targets = (
				5213EB8C268ACDF000B15663 /* Tiktactoe */,
			);
		};
/* End PBXProject section */

/* Begin PBXResourcesBuildPhase section */
		5213EB8B268ACDF000B15663 /* Resources */ = {
			isa = PBXResourcesBuildPhase;
			buildActionMask = 2147483647;
			files = (
				5213EB9D268ACDF900B15663 /* LaunchScreen.storyboard in Resources */,
				5213EB9A268ACDF900B15663 /* Assets.xcassets in Resources */,
				5213EB98268ACDF000B15663 /* Main.storyboard in Resources */,
			);
			runOnlyForDeploymentPostprocessing = 0;
		};
/* End PBXResourcesBuildPhase section */

/* Begin PBXSourcesBuildPhase section */
		5213EB89268ACDF000B15663 /* Sources */ = {
			isa = PBXSourcesBuildPhase;
			buildActionMask = 2147483647;
			files = (
				5213EBA6268ACE5400B15663 /* TiktaktoeVC.swift in Sources */,
				5213EBAD268AD29800B15663 /* TicTakToeCollViewCell.swift in Sources */,
				5213EB91268ACDF000B15663 /* AppDelegate.swift in Sources */,
				5213EB93268ACDF000B15663 /* SceneDelegate.swift in Sources */,
				5213EBAA268AD05A00B15663 /* extension.swift in Sources */,
			);
			runOnlyForDeploymentPostprocessing = 0;
		};
/* End PBXSourcesBuildPhase section */

/* Begin PBXVariantGroup section */
		5213EB96268ACDF000B15663 /* Main.storyboard */ = {
			isa = PBXVariantGroup;
			children = (
				5213EB97268ACDF000B15663 /* Base */,
			);
			name = Main.storyboard;
			sourceTree = "<group>";
		};
		5213EB9B268ACDF900B15663 /* LaunchScreen.storyboard */ = {
			isa = PBXVariantGroup;
			children = (
				5213EB9C268ACDF900B15663 /* Base */,
			);
			name = LaunchScreen.storyboard;
			sourceTree = "<group>";
		};
/* End PBXVariantGroup section */

/* Begin XCBuildConfiguration section */
		5213EB9F268ACDF900B15663 /* Debug */ = {
			isa = XCBuildConfiguration;
			buildSettings = {
				ALWAYS_SEARCH_USER_PATHS = NO;
				CLANG_ANALYZER_NONNULL = YES;
				CLANG_ANALYZER_NUMBER_OBJECT_CONVERSION = YES_AGGRESSIVE;
				CLANG_CXX_LANGUAGE_STANDARD = "gnu++14";
				CLANG_CXX_LIBRARY = "libc++";
				CLANG_ENABLE_MODULES = YES;
				CLANG_ENABLE_OBJC_ARC = YES;
				CLANG_ENABLE_OBJC_WEAK = YES;
				CLANG_WARN_BLOCK_CAPTURE_AUTORELEASING = YES;
				CLANG_WARN_BOOL_CONVERSION = YES;
				CLANG_WARN_COMMA = YES;
				CLANG_WARN_CONSTANT_CONVERSION = YES;
				CLANG_WARN_DEPRECATED_OBJC_IMPLEMENTATIONS = YES;
				CLANG_WARN_DIRECT_OBJC_ISA_USAGE = YES_ERROR;
				CLANG_WARN_DOCUMENTATION_COMMENTS = YES;
				CLANG_WARN_EMPTY_BODY = YES;
				CLANG_WARN_ENUM_CONVERSION = YES;
				CLANG_WARN_INFINITE_RECURSION = YES;
				CLANG_WARN_INT_CONVERSION = YES;
				CLANG_WARN_NON_LITERAL_NULL_CONVERSION = YES;
				CLANG_WARN_OBJC_IMPLICIT_RETAIN_SELF = YES;
				CLANG_WARN_OBJC_LITERAL_CONVERSION = YES;
				CLANG_WARN_OBJC_ROOT_CLASS = YES_ERROR;
				CLANG_WARN_QUOTED_INCLUDE_IN_FRAMEWORK_HEADER = YES;
				CLANG_WARN_RANGE_LOOP_ANALYSIS = YES;
				CLANG_WARN_STRICT_PROTOTYPES = YES;
				CLANG_WARN_SUSPICIOUS_MOVE = YES;
				CLANG_WARN_UNGUARDED_AVAILABILITY = YES_AGGRESSIVE;
				CLANG_WARN_UNREACHABLE_CODE = YES;
				CLANG_WARN__DUPLICATE_METHOD_MATCH = YES;
				COPY_PHASE_STRIP = NO;
				DEBUG_INFORMATION_FORMAT = dwarf;
				ENABLE_STRICT_OBJC_MSGSEND = YES;
				ENABLE_TESTABILITY = YES;
				GCC_C_LANGUAGE_STANDARD = gnu11;
				GCC_DYNAMIC_NO_PIC = NO;
				GCC_NO_COMMON_BLOCKS = YES;
				GCC_OPTIMIZATION_LEVEL = 0;
				GCC_PREPROCESSOR_DEFINITIONS = (
					"DEBUG=1",
					"$(inherited)",
				);
				GCC_WARN_64_TO_32_BIT_CONVERSION = YES;
				GCC_WARN_ABOUT_RETURN_TYPE = YES_ERROR;
				GCC_WARN_UNDECLARED_SELECTOR = YES;
				GCC_WARN_UNINITIALIZED_AUTOS = YES_AGGRESSIVE;
				GCC_WARN_UNUSED_FUNCTION = YES;
				GCC_WARN_UNUSED_VARIABLE = YES;
				IPHONEOS_DEPLOYMENT_TARGET = 14.4;
				MTL_ENABLE_DEBUG_INFO = INCLUDE_SOURCE;
				MTL_FAST_MATH = YES;
				ONLY_ACTIVE_ARCH = YES;
				SDKROOT = iphoneos;
				SWIFT_ACTIVE_COMPILATION_CONDITIONS = DEBUG;
				SWIFT_OPTIMIZATION_LEVEL = "-Onone";
			};
			name = Debug;
		};
		5213EBA0268ACDF900B15663 /* Release */ = {
			isa = XCBuildConfiguration;
			buildSettings = {
				ALWAYS_SEARCH_USER_PATHS = NO;
				CLANG_ANALYZER_NONNULL = YES;
				CLANG_ANALYZER_NUMBER_OBJECT_CONVERSION = YES_AGGRESSIVE;
				CLANG_CXX_LANGUAGE_STANDARD = "gnu++14";
				CLANG_CXX_LIBRARY = "libc++";
				CLANG_ENABLE_MODULES = YES;
				CLANG_ENABLE_OBJC_ARC = YES;
				CLANG_ENABLE_OBJC_WEAK = YES;
				CLANG_WARN_BLOCK_CAPTURE_AUTORELEASING = YES;
				CLANG_WARN_BOOL_CONVERSION = YES;
				CLANG_WARN_COMMA = YES;
				CLANG_WARN_CONSTANT_CONVERSION = YES;
				CLANG_WARN_DEPRECATED_OBJC_IMPLEMENTATIONS = YES;
				CLANG_WARN_DIRECT_OBJC_ISA_USAGE = YES_ERROR;
				CLANG_WARN_DOCUMENTATION_COMMENTS = YES;
				CLANG_WARN_EMPTY_BODY = YES;
				CLANG_WARN_ENUM_CONVERSION = YES;
				CLANG_WARN_INFINITE_RECURSION = YES;
				CLANG_WARN_INT_CONVERSION = YES;
				CLANG_WARN_NON_LITERAL_NULL_CONVERSION = YES;
				CLANG_WARN_OBJC_IMPLICIT_RETAIN_SELF = YES;
				CLANG_WARN_OBJC_LITERAL_CONVERSION = YES;
				CLANG_WARN_OBJC_ROOT_CLASS = YES_ERROR;
				CLANG_WARN_QUOTED_INCLUDE_IN_FRAMEWORK_HEADER = YES;
				CLANG_WARN_RANGE_LOOP_ANALYSIS = YES;
				CLANG_WARN_STRICT_PROTOTYPES = YES;
				CLANG_WARN_SUSPICIOUS_MOVE = YES;
				CLANG_WARN_UNGUARDED_AVAILABILITY = YES_AGGRESSIVE;
				CLANG_WARN_UNREACHABLE_CODE = YES;
				CLANG_WARN__DUPLICATE_METHOD_MATCH = YES;
				COPY_PHASE_STRIP = NO;
				DEBUG_INFORMATION_FORMAT = "dwarf-with-dsym";
				ENABLE_NS_ASSERTIONS = NO;
				ENABLE_STRICT_OBJC_MSGSEND = YES;
				GCC_C_LANGUAGE_STANDARD = gnu11;
				GCC_NO_COMMON_BLOCKS = YES;
				GCC_WARN_64_TO_32_BIT_CONVERSION = YES;
				GCC_WARN_ABOUT_RETURN_TYPE = YES_ERROR;
				GCC_WARN_UNDECLARED_SELECTOR = YES;
				GCC_WARN_UNINITIALIZED_AUTOS = YES_AGGRESSIVE;
				GCC_WARN_UNUSED_FUNCTION = YES;
				GCC_WARN_UNUSED_VARIABLE = YES;
				IPHONEOS_DEPLOYMENT_TARGET = 14.4;
				MTL_ENABLE_DEBUG_INFO = NO;
				MTL_FAST_MATH = YES;
				SDKROOT = iphoneos;
				SWIFT_COMPILATION_MODE = wholemodule;
				SWIFT_OPTIMIZATION_LEVEL = "-O";
				VALIDATE_PRODUCT = YES;
			};
			name = Release;
		};
		5213EBA2268ACDF900B15663 /* Debug */ = {
			isa = XCBuildConfiguration;
			buildSettings = {
				ASSETCATALOG_COMPILER_APPICON_NAME = AppIcon;
				ASSETCATALOG_COMPILER_GLOBAL_ACCENT_COLOR_NAME = AccentColor;
				CODE_SIGN_STYLE = Automatic;
				INFOPLIST_FILE = Tiktactoe/Info.plist;
				LD_RUNPATH_SEARCH_PATHS = (
					"$(inherited)",
					"@executable_path/Frameworks",
				);
				PRODUCT_BUNDLE_IDENTIFIER = pp.practice.Tiktactoe;
				PRODUCT_NAME = "$(TARGET_NAME)";
				SWIFT_VERSION = 5.0;
				TARGETED_DEVICE_FAMILY = "1,2";
			};
			name = Debug;
		};
		5213EBA3268ACDF900B15663 /* Release */ = {
			isa = XCBuildConfiguration;
			buildSettings = {
				ASSETCATALOG_COMPILER_APPICON_NAME = AppIcon;
				ASSETCATALOG_COMPILER_GLOBAL_ACCENT_COLOR_NAME = AccentColor;
				CODE_SIGN_STYLE = Automatic;
				INFOPLIST_FILE = Tiktactoe/Info.plist;
				LD_RUNPATH_SEARCH_PATHS = (
					"$(inherited)",
					"@executable_path/Frameworks",
				);
				PRODUCT_BUNDLE_IDENTIFIER = pp.practice.Tiktactoe;
				PRODUCT_NAME = "$(TARGET_NAME)";
				SWIFT_VERSION = 5.0;
				TARGETED_DEVICE_FAMILY = "1,2";
			};
			name = Release;
		};
/* End XCBuildConfiguration section */

/* Begin XCConfigurationList section */
		5213EB88268ACDF000B15663 /* Build configuration list for PBXProject "Tiktactoe" */ = {
			isa = XCConfigurationList;
			buildConfigurations = (
				5213EB9F268ACDF900B15663 /* Debug */,
				5213EBA0268ACDF900B15663 /* Release */,
			);
			defaultConfigurationIsVisible = 0;
			defaultConfigurationName = Release;
		};
		5213EBA1268ACDF900B15663 /* Build configuration list for PBXNativeTarget "Tiktactoe" */ = {
			isa = XCConfigurationList;
			buildConfigurations = (
				5213EBA2268ACDF900B15663 /* Debug */,
				5213EBA3268ACDF900B15663 /* Release */,
			);
			defaultConfigurationIsVisible = 0;
			defaultConfigurationName = Release;
		};
/* End XCConfigurationList section */
	};
	rootObject = 5213EB85268ACDF000B15663 /* Project object */;
}
